# THIS IS AN AUTOGENERATED FILE. DO NOT EDIT THIS FILE DIRECTLY.
# yarn lockfile v1


"@vuepress/plugin-nprogress@^1.2.0":
  version "1.2.0"
  resolved "https://registry.yarnpkg.com/@vuepress/plugin-nprogress/-/plugin-nprogress-1.2.0.tgz#ff6166946a0b118a39a562acb57983529afce4d2"
  integrity sha512-0apt3Dp6XVCOkLViX6seKSEJgARihi+pX3/r8j8ndFp9Y+vmgLFZnQnGE5iKNi1ty+A6PZOK0RQcBjwTAU4pAw==
  dependencies:
    nprogress "^0.2.0"

lodash.chunk@^4.2.0:
  version "4.2.0"
  resolved "https://registry.yarnpkg.com/lodash.chunk/-/lodash.chunk-4.2.0.tgz#66e5ce1f76ed27b4303d8c6512e8d1216e8106bc"
  integrity sha1-ZuXOH3btJ7QwPYxlEujRIW6BBrw=

markdown-it-container@^2.0.0:
  version "2.0.0"
  resolved "https://registry.yarnpkg.com/markdown-it-container/-/markdown-it-container-2.0.0.tgz#0019b43fd02eefece2f1960a2895fba81a404695"
  integrity sha1-ABm0P9Au7+zi8ZYKKJX7qBpARpU=

nprogress@^0.2.0:
  version "0.2.0"
  resolved "https://registry.yarnpkg.com/nprogress/-/nprogress-0.2.0.tgz#cb8f34c53213d895723fcbab907e9422adbcafb1"
  integrity sha1-y480xTIT2JVyP8urkH6UIq28r7E=

vuepress-plugin-container@^2.0.2:
  version "2.1.0"
  resolved "https://registry.yarnpkg.com/vuepress-plugin-container/-/vuepress-plugin-container-2.1.0.tgz#eb2ba3e01cdac419bd678d40e05c934caffe6db0"
  integrity sha512-i4p7S1cqYUrg/3pt+xSghZtKSHVI3VXMQNept8ILxA+lMK1XJkdRkjNovZzwpXlrErQssvrUOTWBV0hdBv7eXQ==
  dependencies:
    markdown-it-container "^2.0.0"
